Microsoft Visual Studio Solution File, Format Version 12.00
# Visual Studio Version 17
VisualStudioVersion = 17.13.35919.96
MinimumVisualStudioVersion = 10.0.40219.1
Project("{FAE04EC0-301F-11D3-BF4B-00C04F79EFBC}") = "SpeechAttacker", "SpeechAttacker.csproj", "{6C6EA735-041B-2981-A99C-51A686CE2688}"
EndProject
Global
	GlobalSection(SolutionConfigurationPlatforms) = preSolution
		Debug|Any CPU = Debug|Any CPU
		Release|Any CPU = Release|Any CPU
	EndGlobalSection
	GlobalSection(ProjectConfigurationPlatforms) = postSolution
		{6C6EA735-041B-2981-A99C-51A686CE2688}.Debug|Any CPU.ActiveCfg = Debug|Any CPU
		{6C6EA735-041B-2981-A99C-51A686CE2688}.Debug|Any CPU.Build.0 = Debug|Any CPU
		{6C6EA735-041B-2981-A99C-51A686CE2688}.Release|Any CPU.ActiveCfg = Release|Any CPU
		{6C6EA735-041B-2981-A99C-51A686CE2688}.Release|Any CPU.Build.0 = Release|Any CPU
	EndGlobalSection
	GlobalSection(SolutionProperties) = preSolution
		HideSolutionNode = FALSE
	EndGlobalSection
	GlobalSection(ExtensibilityGlobals) = postSolution
		SolutionGuid = {63344D68-304C-4B6B-BEF7-84CCC146BAD4}
	EndGlobalSection
EndGlobal
